
Microsoft Visual Studio Solution File, Format Version 12.00
# Visual Studio Version 16
VisualStudioVersion = 16.0.28803.202
MinimumVisualStudioVersion = 10.0.40219.1
Project("{9A19103F-16F7-4668-BE54-9A1E7A4F7556}") = "AppSecrect.Domain", "AppSecrect.Domain\AppSecrect.Domain.csproj", "{19020691-DE53-49AD-86E0-C7BF07FEA091}"
EndProject
Project("{9A19103F-16F7-4668-BE54-9A1E7A4F7556}") = "AppSecrect.Application", "AppSecrect.Application\AppSecrect.Application.csproj", "{4FBA00C0-00ED-4E91-9D58-999202B23407}"
EndProject
Project("{9A19103F-16F7-4668-BE54-9A1E7A4F7556}") = "AppSecret.WebApi", "AppSecret.WebApi\AppSecret.WebApi.csproj", "{BE9BB290-C9AB-4789-BFC6-2558CDCE7BD4}"
EndProject
Project("{9A19103F-16F7-4668-BE54-9A1E7A4F7556}") = "AppSecrect.CrossCutting", "AppSecrect.CrossCutting\AppSecrect.CrossCutting.csproj", "{CC2F4075-0B67-4D9A-8165-14AC4469EE60}"
EndProject
Project("{9A19103F-16F7-4668-BE54-9A1E7A4F7556}") = "AppSecrect.DataAccess", "AppSecrect.DataAccess\AppSecrect.DataAccess.csproj", "{7A29DE23-44A6-4303-9DD9-B087ABEAFE02}"
EndProject
Project("{FAE04EC0-301F-11D3-BF4B-00C04F79EFBC}") = "AppSecrect.External", "AppSecrect.External\AppSecrect.External.csproj", "{E0D58510-CECF-4823-8D5C-12BD84F9BC10}"
EndProject
Global
	GlobalSection(SolutionConfigurationPlatforms) = preSolution
		Debug|Any CPU = Debug|Any CPU
		Release|Any CPU = Release|Any CPU
	EndGlobalSection
	GlobalSection(ProjectConfigurationPlatforms) = postSolution
		{19020691-DE53-49AD-86E0-C7BF07FEA091}.Debug|Any CPU.ActiveCfg = Debug|Any CPU
		{19020691-DE53-49AD-86E0-C7BF07FEA091}.Debug|Any CPU.Build.0 = Debug|Any CPU
		{19020691-DE53-49AD-86E0-C7BF07FEA091}.Release|Any CPU.ActiveCfg = Release|Any CPU
		{19020691-DE53-49AD-86E0-C7BF07FEA091}.Release|Any CPU.Build.0 = Release|Any CPU
		{4FBA00C0-00ED-4E91-9D58-999202B23407}.Debug|Any CPU.ActiveCfg = Debug|Any CPU
		{4FBA00C0-00ED-4E91-9D58-999202B23407}.Debug|Any CPU.Build.0 = Debug|Any CPU
		{4FBA00C0-00ED-4E91-9D58-999202B23407}.Release|Any CPU.ActiveCfg = Release|Any CPU
		{4FBA00C0-00ED-4E91-9D58-999202B23407}.Release|Any CPU.Build.0 = Release|Any CPU
		{BE9BB290-C9AB-4789-BFC6-2558CDCE7BD4}.Debug|Any CPU.ActiveCfg = Debug|Any CPU
		{BE9BB290-C9AB-4789-BFC6-2558CDCE7BD4}.Debug|Any CPU.Build.0 = Debug|Any CPU
		{BE9BB290-C9AB-4789-BFC6-2558CDCE7BD4}.Release|Any CPU.ActiveCfg = Release|Any CPU
		{BE9BB290-C9AB-4789-BFC6-2558CDCE7BD4}.Release|Any CPU.Build.0 = Release|Any CPU
		{CC2F4075-0B67-4D9A-8165-14AC4469EE60}.Debug|Any CPU.ActiveCfg = Debug|Any CPU
		{CC2F4075-0B67-4D9A-8165-14AC4469EE60}.Debug|Any CPU.Build.0 = Debug|Any CPU
		{CC2F4075-0B67-4D9A-8165-14AC4469EE60}.Release|Any CPU.ActiveCfg = Release|Any CPU
		{CC2F4075-0B67-4D9A-8165-14AC4469EE60}.Release|Any CPU.Build.0 = Release|Any CPU
		{7A29DE23-44A6-4303-9DD9-B087ABEAFE02}.Debug|Any CPU.ActiveCfg = Debug|Any CPU
		{7A29DE23-44A6-4303-9DD9-B087ABEAFE02}.Debug|Any CPU.Build.0 = Debug|Any CPU
		{7A29DE23-44A6-4303-9DD9-B087ABEAFE02}.Release|Any CPU.ActiveCfg = Release|Any CPU
		{7A29DE23-44A6-4303-9DD9-B087ABEAFE02}.Release|Any CPU.Build.0 = Release|Any CPU
		{E0D58510-CECF-4823-8D5C-12BD84F9BC10}.Debug|Any CPU.ActiveCfg = Debug|Any CPU
		{E0D58510-CECF-4823-8D5C-12BD84F9BC10}.Debug|Any CPU.Build.0 = Debug|Any CPU
		{E0D58510-CECF-4823-8D5C-12BD84F9BC10}.Release|Any CPU.ActiveCfg = Release|Any CPU
		{E0D58510-CECF-4823-8D5C-12BD84F9BC10}.Release|Any CPU.Build.0 = Release|Any CPU
	EndGlobalSection
	GlobalSection(SolutionProperties) = preSolution
		HideSolutionNode = FALSE
	EndGlobalSection
	GlobalSection(ExtensibilityGlobals) = postSolution
		SolutionGuid = {F807DEAB-58A7-4E45-939C-1B8A85FCA893}
	EndGlobalSection
EndGlobal
